// !$*UTF8*$!
{
	archiveVersion = 1;
	classes = {
	};
	objectVersion = 55;
	objects = {

/* Begin PBXBuildFile section */
		313BAB4B2855D6E500A91B94 /* woman.usdz in Resources */ = {isa = PBXBuildFile; fileRef = 313BAB4A2855D6E500A91B94 /* woman.usdz */; };
		313BAB4D2855D93A00A91B94 /* circleoflife.usdz in Resources */ = {isa = PBXBuildFile; fileRef = 313BAB4C2855D93A00A91B94 /* circleoflife.usdz */; };
		313BAB4F2856019E00A91B94 /* pond.usdz in Resources */ = {isa = PBXBuildFile; fileRef = 313BAB4E2856019E00A91B94 /* pond.usdz */; };
		313BAB51285601A800A91B94 /* tree.usdz in Resources */ = {isa = PBXBuildFile; fileRef = 313BAB50285601A800A91B94 /* tree.usdz */; };
		313BAB53285601B000A91B94 /* house.usdz in Resources */ = {isa = PBXBuildFile; fileRef = 313BAB52285601B000A91B94 /* house.usdz */; };
		313BAB57285601DC00A91B94 /* mountain.usdz in Resources */ = {isa = PBXBuildFile; fileRef = 313BAB56285601DC00A91B94 /* mountain.usdz */; };
		313BAB592856033000A91B94 /* hut.usdz in Resources */ = {isa = PBXBuildFile; fileRef = 313BAB582856033000A91B94 /* hut.usdz */; };
		31FAFCAA2854446600BF4B68 /* AppDelegate.swift in Sources */ = {isa = PBXBuildFile; fileRef = 31FAFCA92854446600BF4B68 /* AppDelegate.swift */; };
		31FAFCAC2854446600BF4B68 /* ViewController.swift in Sources */ = {isa = PBXBuildFile; fileRef = 31FAFCAB2854446600BF4B68 /* ViewController.swift */; };
		31FAFCAE2854446600BF4B68 /* Experience.rcproject in Sources */ = {isa = PBXBuildFile; fileRef = 31FAFCAD2854446600BF4B68 /* Experience.rcproject */; };
		31FAFCB12854446600BF4B68 /* Main.storyboard in Resources */ = {isa = PBXBuildFile; fileRef = 31FAFCAF2854446600BF4B68 /* Main.storyboard */; };
		31FAFCB32854446900BF4B68 /* Assets.xcassets in Resources */ = {isa = PBXBuildFile; fileRef = 31FAFCB22854446900BF4B68 /* Assets.xcassets */; };
		31FAFCB62854446900BF4B68 /* LaunchScreen.storyboard in Resources */ = {isa = PBXBuildFile; fileRef = 31FAFCB42854446900BF4B68 /* LaunchScreen.storyboard */; };
		31FAFCC02854446900BF4B68 /* Warli_ARTests.swift in Sources */ = {isa = PBXBuildFile; fileRef = 31FAFCBF2854446900BF4B68 /* Warli_ARTests.swift */; };
		31FAFCCA2854446900BF4B68 /* Warli_ARUITests.swift in Sources */ = {isa = PBXBuildFile; fileRef = 31FAFCC92854446900BF4B68 /* Warli_ARUITests.swift */; };
		31FAFCCC2854446900BF4B68 /* Warli_ARUITestsLaunchTests.swift in Sources */ = {isa = PBXBuildFile; fileRef = 31FAFCCB2854446900BF4B68 /* Warli_ARUITestsLaunchTests.swift */; };
/* End PBXBuildFile section */

/* Begin PBXContainerItemProxy section */
		31FAFCBC2854446900BF4B68 /* PBXContainerItemProxy */ = {
			isa = PBXContainerItemProxy;
			containerPortal = 31FAFC9E2854446600BF4B68 /* Project object */;
			proxyType = 1;
			remoteGlobalIDString = 31FAFCA52854446600BF4B68;
			remoteInfo = "Warli AR";
		};
		31FAFCC62854446900BF4B68 /* PBXContainerItemProxy */ = {
			isa = PBXContainerItemProxy;
			containerPortal = 31FAFC9E2854446600BF4B68 /* Project object */;
			proxyType = 1;
			remoteGlobalIDString = 31FAFCA52854446600BF4B68;
			remoteInfo = "Warli AR";
		};
/* End PBXContainerItemProxy section */

/* Begin PBXFileReference section */
		313BAB4A2855D6E500A91B94 /* woman.usdz */ = {isa = PBXFileReference; lastKnownFileType = file.usdz; path = woman.usdz; sourceTree = "<group>"; };
		313BAB4C2855D93A00A91B94 /* circleoflife.usdz */ = {isa = PBXFileReference; lastKnownFileType = file.usdz; path = circleoflife.usdz; sourceTree = "<group>"; };
		313BAB4E2856019E00A91B94 /* pond.usdz */ = {isa = PBXFileReference; lastKnownFileType = file.usdz; path = pond.usdz; sourceTree = "<group>"; };
		313BAB50285601A800A91B94 /* tree.usdz */ = {isa = PBXFileReference; lastKnownFileType = file.usdz; path = tree.usdz; sourceTree = "<group>"; };
		313BAB52285601B000A91B94 /* house.usdz */ = {isa = PBXFileReference; lastKnownFileType = file.usdz; path = house.usdz; sourceTree = "<group>"; };
		313BAB56285601DC00A91B94 /* mountain.usdz */ = {isa = PBXFileReference; lastKnownFileType = file.usdz; path = mountain.usdz; sourceTree = "<group>"; };
		313BAB582856033000A91B94 /* hut.usdz */ = {isa = PBXFileReference; lastKnownFileType = file.usdz; path = hut.usdz; sourceTree = "<group>"; };
		31FAFCA62854446600BF4B68 /* Warli AR.app */ = {isa = PBXFileReference; explicitFileType = wrapper.application; includeInIndex = 0; path = "Warli AR.app"; sourceTree = BUILT_PRODUCTS_DIR; };
		31FAFCA92854446600BF4B68 /* AppDelegate.swift */ = {isa = PBXFileReference; lastKnownFileType = sourcecode.swift; path = AppDelegate.swift; sourceTree = "<group>"; };
		31FAFCAB2854446600BF4B68 /* ViewController.swift */ = {isa = PBXFileReference; lastKnownFileType = sourcecode.swift; path = ViewController.swift; sourceTree = "<group>"; };
		31FAFCAD2854446600BF4B68 /* Experience.rcproject */ = {isa = PBXFileReference; lastKnownFileType = file.rcproject; path = Experience.rcproject; sourceTree = "<group>"; };
		31FAFCB02854446600BF4B68 /* Base */ = {isa = PBXFileReference; lastKnownFileType = file.storyboard; name = Base; path = Base.lproj/Main.storyboard; sourceTree = "<group>"; };
		31FAFCB22854446900BF4B68 /* Assets.xcassets */ = {isa = PBXFileReference; lastKnownFileType = folder.assetcatalog; path = Assets.xcassets; sourceTree = "<group>"; };
		31FAFCB52854446900BF4B68 /* Base */ = {isa = PBXFileReference; lastKnownFileType = file.storyboard; name = Base; path = Base.lproj/LaunchScreen.storyboard; sourceTree = "<group>"; };
		31FAFCBB2854446900BF4B68 /* Warli ARTests.xctest */ = {isa = PBXFileReference; explicitFileType = wrapper.cfbundle; includeInIndex = 0; path = "Warli ARTests.xctest"; sourceTree = BUILT_PRODUCTS_DIR; };
		31FAFCBF2854446900BF4B68 /* Warli_ARTests.swift */ = {isa = PBXFileReference; lastKnownFileType = sourcecode.swift; path = Warli_ARTests.swift; sourceTree = "<group>"; };
		31FAFCC52854446900BF4B68 /* Warli ARUITests.xctest */ = {isa = PBXFileReference; explicitFileType = wrapper.cfbundle; includeInIndex = 0; path = "Warli ARUITests.xctest"; sourceTree = BUILT_PRODUCTS_DIR; };
		31FAFCC92854446900BF4B68 /* Warli_ARUITests.swift */ = {isa = PBXFileReference; lastKnownFileType = sourcecode.swift; path = Warli_ARUITests.swift; sourceTree = "<group>"; };
		31FAFCCB2854446900BF4B68 /* Warli_ARUITestsLaunchTests.swift */ = {isa = PBXFileReference; lastKnownFileType = sourcecode.swift; path = Warli_ARUITestsLaunchTests.swift; sourceTree = "<group>"; };
/* End PBXFileReference section */

/* Begin PBXFrameworksBuildPhase section */
		31FAFCA32854446600BF4B68 /* Frameworks */ = {
			isa = PBXFrameworksBuildPhase;
			buildActionMask = 2147483647;
			files = (
			);
			runOnlyForDeploymentPostprocessing = 0;
		};
		31FAFCB82854446900BF4B68 /* Frameworks */ = {
			isa = PBXFrameworksBuildPhase;
			buildActionMask = 2147483647;
			files = (
			);
			runOnlyForDeploymentPostprocessing = 0;
		};
		31FAFCC22854446900BF4B68 /* Frameworks */ = {
			isa = PBXFrameworksBuildPhase;
			buildActionMask = 2147483647;
			files = (
			);
			runOnlyForDeploymentPostprocessing = 0;
		};
/* End PBXFrameworksBuildPhase section */

/* Begin PBXGroup section */
		31FAFC9D2854446600BF4B68 = {
			isa = PBXGroup;
			children = (
				31FAFCA82854446600BF4B68 /* Warli AR */,
				31FAFCBE2854446900BF4B68 /* Warli ARTests */,
				31FAFCC82854446900BF4B68 /* Warli ARUITests */,
				31FAFCA72854446600BF4B68 /* Products */,
			);
			sourceTree = "<group>";
		};
		31FAFCA72854446600BF4B68 /* Products */ = {
			isa = PBXGroup;
			children = (
				31FAFCA62854446600BF4B68 /* Warli AR.app */,
				31FAFCBB2854446900BF4B68 /* Warli ARTests.xctest */,
				31FAFCC52854446900BF4B68 /* Warli ARUITests.xctest */,
			);
			name = Products;
			sourceTree = "<group>";
		};
		31FAFCA82854446600BF4B68 /* Warli AR */ = {
			isa = PBXGroup;
			children = (
				31FAFCA92854446600BF4B68 /* AppDelegate.swift */,
				31FAFCAB2854446600BF4B68 /* ViewController.swift */,
				31FAFCAD2854446600BF4B68 /* Experience.rcproject */,
				313BAB4C2855D93A00A91B94 /* circleoflife.usdz */,
				313BAB4A2855D6E500A91B94 /* woman.usdz */,
				313BAB582856033000A91B94 /* hut.usdz */,
				313BAB52285601B000A91B94 /* house.usdz */,
				313BAB56285601DC00A91B94 /* mountain.usdz */,
				313BAB50285601A800A91B94 /* tree.usdz */,
				313BAB4E2856019E00A91B94 /* pond.usdz */,
				31FAFCAF2854446600BF4B68 /* Main.storyboard */,
				31FAFCB42854446900BF4B68 /* LaunchScreen.storyboard */,
				31FAFCB22854446900BF4B68 /* Assets.xcassets */,
			);
			path = "Warli AR";
			sourceTree = "<group>";
		};
		31FAFCBE2854446900BF4B68 /* Warli ARTests */ = {
			isa = PBXGroup;
			children = (
				31FAFCBF2854446900BF4B68 /* Warli_ARTests.swift */,
			);
			path = "Warli ARTests";
			sourceTree = "<group>";
		};
		31FAFCC82854446900BF4B68 /* Warli ARUITests */ = {
			isa = PBXGroup;
			children = (
				31FAFCC92854446900BF4B68 /* Warli_ARUITests.swift */,
				31FAFCCB2854446900BF4B68 /* Warli_ARUITestsLaunchTests.swift */,
			);
			path = "Warli ARUITests";
			sourceTree = "<group>";
		};
/* End PBXGroup section */

/* Begin PBXNativeTarget section */
		31FAFCA52854446600BF4B68 /* Warli AR */ = {
			isa = PBXNativeTarget;
			buildConfigurationList = 31FAFCCF2854446900BF4B68 /* Build configuration list for PBXNativeTarget "Warli AR" */;
			buildPhases = (
				31FAFCA22854446600BF4B68 /* Sources */,
				31FAFCA32854446600BF4B68 /* Frameworks */,
				31FAFCA42854446600BF4B68 /* Resources */,
			);
			buildRules = (
			);
			dependencies = (
			);
			name = "Warli AR";
			productName = "Warli AR";
			productReference = 31FAFCA62854446600BF4B68 /* Warli AR.app */;
			productType = "com.apple.product-type.application";
		};
		31FAFCBA2854446900BF4B68 /* Warli ARTests */ = {
			isa = PBXNativeTarget;
			buildConfigurationList = 31FAFCD22854446900BF4B68 /* Build configuration list for PBXNativeTarget "Warli ARTests" */;
			buildPhases = (
				31FAFCB72854446900BF4B68 /* Sources */,
				31FAFCB82854446900BF4B68 /* Frameworks */,
				31FAFCB92854446900BF4B68 /* Resources */,
			);
			buildRules = (
			);
			dependencies = (
				31FAFCBD2854446900BF4B68 /* PBXTargetDependency */,
			);
			name = "Warli ARTests";
			productName = "Warli ARTests";
			productReference = 31FAFCBB2854446900BF4B68 /* Warli ARTests.xctest */;
			productType = "com.apple.product-type.bundle.unit-test";
		};
		31FAFCC42854446900BF4B68 /* Warli ARUITests */ = {
			isa = PBXNativeTarget;
			buildConfigurationList = 31FAFCD52854446900BF4B68 /* Build configuration list for PBXNativeTarget "Warli ARUITests" */;
			buildPhases = (
				31FAFCC12854446900BF4B68 /* Sources */,
				31FAFCC22854446900BF4B68 /* Frameworks */,
				31FAFCC32854446900BF4B68 /* Resources */,
			);
			buildRules = (
			);
			dependencies = (
				31FAFCC72854446900BF4B68 /* PBXTargetDependency */,
			);
			name = "Warli ARUITests";
			productName = "Warli ARUITests";
			productReference = 31FAFCC52854446900BF4B68 /* Warli ARUITests.xctest */;
			productType = "com.apple.product-type.bundle.ui-testing";
		};
/* End PBXNativeTarget section */

/* Begin PBXProject section */
		31FAFC9E2854446600BF4B68 /* Project object */ = {
			isa = PBXProject;
			attributes = {
				BuildIndependentTargetsInParallel = 1;
				LastSwiftUpdateCheck = 1330;
				LastUpgradeCheck = 1330;
				TargetAttributes = {
					31FAFCA52854446600BF4B68 = {
						CreatedOnToolsVersion = 13.3.1;
					};
					31FAFCBA2854446900BF4B68 = {
						CreatedOnToolsVersion = 13.3.1;
						TestTargetID = 31FAFCA52854446600BF4B68;
					};
					31FAFCC42854446900BF4B68 = {
						CreatedOnToolsVersion = 13.3.1;
						TestTargetID = 31FAFCA52854446600BF4B68;
					};
				};
			};
			buildConfigurationList = 31FAFCA12854446600BF4B68 /* Build configuration list for PBXProject "Warli AR" */;
			compatibilityVersion = "Xcode 13.0";
			developmentRegion = en;
			hasScannedForEncodings = 0;
			knownRegions = (
				en,
				Base,
			);
			mainGroup = 31FAFC9D2854446600BF4B68;
			productRefGroup = 31FAFCA72854446600BF4B68 /* Products */;
			projectDirPath = "";
			projectRoot = "";
			targets = (
				31FAFCA52854446600BF4B68 /* Warli AR */,
				31FAFCBA2854446900BF4B68 /* Warli ARTests */,
				31FAFCC42854446900BF4B68 /* Warli ARUITests */,
			);
		};
/* End PBXProject section */

/* Begin PBXResourcesBuildPhase section */
		31FAFCA42854446600BF4B68 /* Resources */ = {
			isa = PBXResourcesBuildPhase;
			buildActionMask = 2147483647;
			files = (
				31FAFCB62854446900BF4B68 /* LaunchScreen.storyboard in Resources */,
				313BAB53285601B000A91B94 /* house.usdz in Resources */,
				313BAB592856033000A91B94 /* hut.usdz in Resources */,
				313BAB4B2855D6E500A91B94 /* woman.usdz in Resources */,
				313BAB57285601DC00A91B94 /* mountain.usdz in Resources */,
				313BAB51285601A800A91B94 /* tree.usdz in Resources */,
				31FAFCB32854446900BF4B68 /* Assets.xcassets in Resources */,
				313BAB4D2855D93A00A91B94 /* circleoflife.usdz in Resources */,
				313BAB4F2856019E00A91B94 /* pond.usdz in Resources */,
				31FAFCB12854446600BF4B68 /* Main.storyboard in Resources */,
			);
			runOnlyForDeploymentPostprocessing = 0;
		};
		31FAFCB92854446900BF4B68 /* Resources */ = {
			isa = PBXResourcesBuildPhase;
			buildActionMask = 2147483647;
			files = (
			);
			runOnlyForDeploymentPostprocessing = 0;
		};
		31FAFCC32854446900BF4B68 /* Resources */ = {
			isa = PBXResourcesBuildPhase;
			buildActionMask = 2147483647;
			files = (
			);
			runOnlyForDeploymentPostprocessing = 0;
		};
/* End PBXResourcesBuildPhase section */

/* Begin PBXSourcesBuildPhase section */
		31FAFCA22854446600BF4B68 /* Sources */ = {
			isa = PBXSourcesBuildPhase;
			buildActionMask = 2147483647;
			files = (
				31FAFCAC2854446600BF4B68 /* ViewController.swift in Sources */,
				31FAFCAA2854446600BF4B68 /* AppDelegate.swift in Sources */,
				31FAFCAE2854446600BF4B68 /* Experience.rcproject in Sources */,
			);
			runOnlyForDeploymentPostprocessing = 0;
		};
		31FAFCB72854446900BF4B68 /* Sources */ = {
			isa = PBXSourcesBuildPhase;
			buildActionMask = 2147483647;
			files = (
				31FAFCC02854446900BF4B68 /* Warli_ARTests.swift in Sources */,
			);
			runOnlyForDeploymentPostprocessing = 0;
		};
		31FAFCC12854446900BF4B68 /* Sources */ = {
			isa = PBXSourcesBuildPhase;
			buildActionMask = 2147483647;
			files = (
				31FAFCCC2854446900BF4B68 /* Warli_ARUITestsLaunchTests.swift in Sources */,
				31FAFCCA2854446900BF4B68 /* Warli_ARUITests.swift in Sources */,
			);
			runOnlyForDeploymentPostprocessing = 0;
		};
/* End PBXSourcesBuildPhase section */

/* Begin PBXTargetDependency section */
		31FAFCBD2854446900BF4B68 /* PBXTargetDependency */ = {
			isa = PBXTargetDependency;
			target = 31FAFCA52854446600BF4B68 /* Warli AR */;
			targetProxy = 31FAFCBC2854446900BF4B68 /* PBXContainerItemProxy */;
		};
		31FAFCC72854446900BF4B68 /* PBXTargetDependency */ = {
			isa = PBXTargetDependency;
			target = 31FAFCA52854446600BF4B68 /* Warli AR */;
			targetProxy = 31FAFCC62854446900BF4B68 /* PBXContainerItemProxy */;
		};
/* End PBXTargetDependency section */

/* Begin PBXVariantGroup section */
		31FAFCAF2854446600BF4B68 /* Main.storyboard */ = {
			isa = PBXVariantGroup;
			children = (
				31FAFCB02854446600BF4B68 /* Base */,
			);
			name = Main.storyboard;
			sourceTree = "<group>";
		};
		31FAFCB42854446900BF4B68 /* LaunchScreen.storyboard */ = {
			isa = PBXVariantGroup;
			children = (
				31FAFCB52854446900BF4B68 /* Base */,
			);
			name = LaunchScreen.storyboard;
			sourceTree = "<group>";
		};
/* End PBXVariantGroup section */

/* Begin XCBuildConfiguration section */
		31FAFCCD2854446900BF4B68 /* Debug */ = {
			isa = XCBuildConfiguration;
			buildSettings = {
				ALWAYS_SEARCH_USER_PATHS = NO;
				CLANG_ANALYZER_NONNULL = YES;
				CLANG_ANALYZER_NUMBER_OBJECT_CONVERSION = YES_AGGRESSIVE;
				CLANG_CXX_LANGUAGE_STANDARD = "gnu++17";
				CLANG_ENABLE_MODULES = YES;
				CLANG_ENABLE_OBJC_ARC = YES;
				CLANG_ENABLE_OBJC_WEAK = YES;
				CLANG_WARN_BLOCK_CAPTURE_AUTORELEASING = YES;
				CLANG_WARN_BOOL_CONVERSION = YES;
				CLANG_WARN_COMMA = YES;
				CLANG_WARN_CONSTANT_CONVERSION = YES;
				CLANG_WARN_DEPRECATED_OBJC_IMPLEMENTATIONS = YES;
				CLANG_WARN_DIRECT_OBJC_ISA_USAGE = YES_ERROR;
				CLANG_WARN_DOCUMENTATION_COMMENTS = YES;
				CLANG_WARN_EMPTY_BODY = YES;
				CLANG_WARN_ENUM_CONVERSION = YES;
				CLANG_WARN_INFINITE_RECURSION = YES;
				CLANG_WARN_INT_CONVERSION = YES;
				CLANG_WARN_NON_LITERAL_NULL_CONVERSION = YES;
				CLANG_WARN_OBJC_IMPLICIT_RETAIN_SELF = YES;
				CLANG_WARN_OBJC_LITERAL_CONVERSION = YES;
				CLANG_WARN_OBJC_ROOT_CLASS = YES_ERROR;
				CLANG_WARN_QUOTED_INCLUDE_IN_FRAMEWORK_HEADER = YES;
				CLANG_WARN_RANGE_LOOP_ANALYSIS = YES;
				CLANG_WARN_STRICT_PROTOTYPES = YES;
				CLANG_WARN_SUSPICIOUS_MOVE = YES;
				CLANG_WARN_UNGUARDED_AVAILABILITY = YES_AGGRESSIVE;
				CLANG_WARN_UNREACHABLE_CODE = YES;
				CLANG_WARN__DUPLICATE_METHOD_MATCH = YES;
				COPY_PHASE_STRIP = NO;
				DEBUG_INFORMATION_FORMAT = dwarf;
				ENABLE_STRICT_OBJC_MSGSEND = YES;
				ENABLE_TESTABILITY = YES;
				GCC_C_LANGUAGE_STANDARD = gnu11;
				GCC_DYNAMIC_NO_PIC = NO;
				GCC_NO_COMMON_BLOCKS = YES;
				GCC_OPTIMIZATION_LEVEL = 0;
				GCC_PREPROCESSOR_DEFINITIONS = (
					"DEBUG=1",
					"$(inherited)",
				);
				GCC_WARN_64_TO_32_BIT_CONVERSION = YES;
				GCC_WARN_ABOUT_RETURN_TYPE = YES_ERROR;
				GCC_WARN_UNDECLARED_SELECTOR = YES;
				GCC_WARN_UNINITIALIZED_AUTOS = YES_AGGRESSIVE;
				GCC_WARN_UNUSED_FUNCTION = YES;
				GCC_WARN_UNUSED_VARIABLE = YES;
				IPHONEOS_DEPLOYMENT_TARGET = 15.4;
				MTL_ENABLE_DEBUG_INFO = INCLUDE_SOURCE;
				MTL_FAST_MATH = YES;
				ONLY_ACTIVE_ARCH = YES;
				SDKROOT = iphoneos;
				SWIFT_ACTIVE_COMPILATION_CONDITIONS = DEBUG;
				SWIFT_OPTIMIZATION_LEVEL = "-Onone";
			};
			name = Debug;
		};
		31FAFCCE2854446900BF4B68 /* Release */ = {
			isa = XCBuildConfiguration;
			buildSettings = {
				ALWAYS_SEARCH_USER_PATHS = NO;
				CLANG_ANALYZER_NONNULL = YES;
				CLANG_ANALYZER_NUMBER_OBJECT_CONVERSION = YES_AGGRESSIVE;
				CLANG_CXX_LANGUAGE_STANDARD = "gnu++17";
				CLANG_ENABLE_MODULES = YES;
				CLANG_ENABLE_OBJC_ARC = YES;
				CLANG_ENABLE_OBJC_WEAK = YES;
				CLANG_WARN_BLOCK_CAPTURE_AUTORELEASING = YES;
				CLANG_WARN_BOOL_CONVERSION = YES;
				CLANG_WARN_COMMA = YES;
				CLANG_WARN_CONSTANT_CONVERSION = YES;
				CLANG_WARN_DEPRECATED_OBJC_IMPLEMENTATIONS = YES;
				CLANG_WARN_DIRECT_OBJC_ISA_USAGE = YES_ERROR;
				CLANG_WARN_DOCUMENTATION_COMMENTS = YES;
				CLANG_WARN_EMPTY_BODY = YES;
				CLANG_WARN_ENUM_CONVERSION = YES;
				CLANG_WARN_INFINITE_RECURSION = YES;
				CLANG_WARN_INT_CONVERSION = YES;
				CLANG_WARN_NON_LITERAL_NULL_CONVERSION = YES;
				CLANG_WARN_OBJC_IMPLICIT_RETAIN_SELF = YES;
				CLANG_WARN_OBJC_LITERAL_CONVERSION = YES;
				CLANG_WARN_OBJC_ROOT_CLASS = YES_ERROR;
				CLANG_WARN_QUOTED_INCLUDE_IN_FRAMEWORK_HEADER = YES;
				CLANG_WARN_RANGE_LOOP_ANALYSIS = YES;
				CLANG_WARN_STRICT_PROTOTYPES = YES;
				CLANG_WARN_SUSPICIOUS_MOVE = YES;
				CLANG_WARN_UNGUARDED_AVAILABILITY = YES_AGGRESSIVE;
				CLANG_WARN_UNREACHABLE_CODE = YES;
				CLANG_WARN__DUPLICATE_METHOD_MATCH = YES;
				COPY_PHASE_STRIP = NO;
				DEBUG_INFORMATION_FORMAT = "dwarf-with-dsym";
				ENABLE_NS_ASSERTIONS = NO;
				ENABLE_STRICT_OBJC_MSGSEND = YES;
				GCC_C_LANGUAGE_STANDARD = gnu11;
				GCC_NO_COMMON_BLOCKS = YES;
				GCC_WARN_64_TO_32_BIT_CONVERSION = YES;
				GCC_WARN_ABOUT_RETURN_TYPE = YES_ERROR;
				GCC_WARN_UNDECLARED_SELECTOR = YES;
				GCC_WARN_UNINITIALIZED_AUTOS = YES_AGGRESSIVE;
				GCC_WARN_UNUSED_FUNCTION = YES;
				GCC_WARN_UNUSED_VARIABLE = YES;
				IPHONEOS_DEPLOYMENT_TARGET = 15.4;
				MTL_ENABLE_DEBUG_INFO = NO;
				MTL_FAST_MATH = YES;
				SDKROOT = iphoneos;
				SWIFT_COMPILATION_MODE = wholemodule;
				SWIFT_OPTIMIZATION_LEVEL = "-O";
				VALIDATE_PRODUCT = YES;
			};
			name = Release;
		};
		31FAFCD02854446900BF4B68 /* Debug */ = {
			isa = XCBuildConfiguration;
			buildSettings = {
				ASSETCATALOG_COMPILER_APPICON_NAME = AppIcon;
				ASSETCATALOG_COMPILER_GLOBAL_ACCENT_COLOR_NAME = AccentColor;
				CODE_SIGN_STYLE = Automatic;
				CURRENT_PROJECT_VERSION = 1;
				DEVELOPMENT_TEAM = KDMH53532J;
				GENERATE_INFOPLIST_FILE = YES;
				INFOPLIST_KEY_NSCameraUsageDescription = "";
				INFOPLIST_KEY_UIApplicationSupportsIndirectInputEvents = YES;
				INFOPLIST_KEY_UILaunchStoryboardName = LaunchScreen;
				INFOPLIST_KEY_UIMainStoryboardFile = Main;
				INFOPLIST_KEY_UIRequiredDeviceCapabilities = arkit;
				INFOPLIST_KEY_UIStatusBarHidden = YES;
				INFOPLIST_KEY_UISupportedInterfaceOrientations_iPad = "UIInterfaceOrientationPortrait UIInterfaceOrientationPortraitUpsideDown UIInterfaceOrientationLandscapeLeft UIInterfaceOrientationLandscapeRight";
				INFOPLIST_KEY_UISupportedInterfaceOrientations_iPhone = "UIInterfaceOrientationPortrait UIInterfaceOrientationLandscapeLeft UIInterfaceOrientationLandscapeRight";
				LD_RUNPATH_SEARCH_PATHS = (
					"$(inherited)",
					"@executable_path/Frameworks",
				);
				MARKETING_VERSION = 1.0;
				PRODUCT_BUNDLE_IDENTIFIER = "com.ashutoshmane.Warli-AR";
				PRODUCT_NAME = "$(TARGET_NAME)";
				SWIFT_EMIT_LOC_STRINGS = YES;
				SWIFT_VERSION = 5.0;
				TARGETED_DEVICE_FAMILY = "1,2";
			};
			name = Debug;
		};
		31FAFCD12854446900BF4B68 /* Release */ = {
			isa = XCBuildConfiguration;
			buildSettings = {
				ASSETCATALOG_COMPILER_APPICON_NAME = AppIcon;
				ASSETCATALOG_COMPILER_GLOBAL_ACCENT_COLOR_NAME = AccentColor;
				CODE_SIGN_STYLE = Automatic;
				CURRENT_PROJECT_VERSION = 1;
				DEVELOPMENT_TEAM = KDMH53532J;
				GENERATE_INFOPLIST_FILE = YES;
				INFOPLIST_KEY_NSCameraUsageDescription = "";
				INFOPLIST_KEY_UIApplicationSupportsIndirectInputEvents = YES;
				INFOPLIST_KEY_UILaunchStoryboardName = LaunchScreen;
				INFOPLIST_KEY_UIMainStoryboardFile = Main;
				INFOPLIST_KEY_UIRequiredDeviceCapabilities = arkit;
				INFOPLIST_KEY_UIStatusBarHidden = YES;
				INFOPLIST_KEY_UISupportedInterfaceOrientations_iPad = "UIInterfaceOrientationPortrait UIInterfaceOrientationPortraitUpsideDown UIInterfaceOrientationLandscapeLeft UIInterfaceOrientationLandscapeRight";
				INFOPLIST_KEY_UISupportedInterfaceOrientations_iPhone = "UIInterfaceOrientationPortrait UIInterfaceOrientationLandscapeLeft UIInterfaceOrientationLandscapeRight";
				LD_RUNPATH_SEARCH_PATHS = (
					"$(inherited)",
					"@executable_path/Frameworks",
				);
				MARKETING_VERSION = 1.0;
				PRODUCT_BUNDLE_IDENTIFIER = "com.ashutoshmane.Warli-AR";
				PRODUCT_NAME = "$(TARGET_NAME)";
				SWIFT_EMIT_LOC_STRINGS = YES;
				SWIFT_VERSION = 5.0;
				TARGETED_DEVICE_FAMILY = "1,2";
			};
			name = Release;
		};
		31FAFCD32854446900BF4B68 /* Debug */ = {
			isa = XCBuildConfiguration;
			buildSettings = {
				ALWAYS_EMBED_SWIFT_STANDARD_LIBRARIES = YES;
				BUNDLE_LOADER = "$(TEST_HOST)";
				CODE_SIGN_STYLE = Automatic;
				CURRENT_PROJECT_VERSION = 1;
				GENERATE_INFOPLIST_FILE = YES;
				IPHONEOS_DEPLOYMENT_TARGET = 15.4;
				MARKETING_VERSION = 1.0;
				PRODUCT_BUNDLE_IDENTIFIER = "com.ashutoshmane.Warli-ARTests";
				PRODUCT_NAME = "$(TARGET_NAME)";
				SWIFT_EMIT_LOC_STRINGS = NO;
				SWIFT_VERSION = 5.0;
				TARGETED_DEVICE_FAMILY = "1,2";
				TEST_HOST = "$(BUILT_PRODUCTS_DIR)/Warli AR.app/Warli AR";
			};
			name = Debug;
		};
		31FAFCD42854446900BF4B68 /* Release */ = {
			isa = XCBuildConfiguration;
			buildSettings = {
				ALWAYS_EMBED_SWIFT_STANDARD_LIBRARIES = YES;
				BUNDLE_LOADER = "$(TEST_HOST)";
				CODE_SIGN_STYLE = Automatic;
				CURRENT_PROJECT_VERSION = 1;
				GENERATE_INFOPLIST_FILE = YES;
				IPHONEOS_DEPLOYMENT_TARGET = 15.4;
				MARKETING_VERSION = 1.0;
				PRODUCT_BUNDLE_IDENTIFIER = "com.ashutoshmane.Warli-ARTests";
				PRODUCT_NAME = "$(TARGET_NAME)";
				SWIFT_EMIT_LOC_STRINGS = NO;
				SWIFT_VERSION = 5.0;
				TARGETED_DEVICE_FAMILY = "1,2";
				TEST_HOST = "$(BUILT_PRODUCTS_DIR)/Warli AR.app/Warli AR";
			};
			name = Release;
		};
		31FAFCD62854446900BF4B68 /* Debug */ = {
			isa = XCBuildConfiguration;
			buildSettings = {
				ALWAYS_EMBED_SWIFT_STANDARD_LIBRARIES = YES;
				CODE_SIGN_STYLE = Automatic;
				CURRENT_PROJECT_VERSION = 1;
				GENERATE_INFOPLIST_FILE = YES;
				MARKETING_VERSION = 1.0;
				PRODUCT_BUNDLE_IDENTIFIER = "com.ashutoshmane.Warli-ARUITests";
				PRODUCT_NAME = "$(TARGET_NAME)";
				SWIFT_EMIT_LOC_STRINGS = NO;
				SWIFT_VERSION = 5.0;
				TARGETED_DEVICE_FAMILY = "1,2";
				TEST_TARGET_NAME = "Warli AR";
			};
			name = Debug;
		};
		31FAFCD72854446900BF4B68 /* Release */ = {
			isa = XCBuildConfiguration;
			buildSettings = {
				ALWAYS_EMBED_SWIFT_STANDARD_LIBRARIES = YES;
				CODE_SIGN_STYLE = Automatic;
				CURRENT_PROJECT_VERSION = 1;
				GENERATE_INFOPLIST_FILE = YES;
				MARKETING_VERSION = 1.0;
				PRODUCT_BUNDLE_IDENTIFIER = "com.ashutoshmane.Warli-ARUITests";
				PRODUCT_NAME = "$(TARGET_NAME)";
				SWIFT_EMIT_LOC_STRINGS = NO;
				SWIFT_VERSION = 5.0;
				TARGETED_DEVICE_FAMILY = "1,2";
				TEST_TARGET_NAME = "Warli AR";
			};
			name = Release;
		};
/* End XCBuildConfiguration section */

/* Begin XCConfigurationList section */
		31FAFCA12854446600BF4B68 /* Build configuration list for PBXProject "Warli AR" */ = {
			isa = XCConfigurationList;
			buildConfigurations = (
				31FAFCCD2854446900BF4B68 /* Debug */,
				31FAFCCE2854446900BF4B68 /* Release */,
			);
			defaultConfigurationIsVisible = 0;
			defaultConfigurationName = Release;
		};
		31FAFCCF2854446900BF4B68 /* Build configuration list for PBXNativeTarget "Warli AR" */ = {
			isa = XCConfigurationList;
			buildConfigurations = (
				31FAFCD02854446900BF4B68 /* Debug */,
				31FAFCD12854446900BF4B68 /* Release */,
			);
			defaultConfigurationIsVisible = 0;
			defaultConfigurationName = Release;
		};
		31FAFCD22854446900BF4B68 /* Build configuration list for PBXNativeTarget "Warli ARTests" */ = {
			isa = XCConfigurationList;
			buildConfigurations = (
				31FAFCD32854446900BF4B68 /* Debug */,
				31FAFCD42854446900BF4B68 /* Release */,
			);
			defaultConfigurationIsVisible = 0;
			defaultConfigurationName = Release;
		};
		31FAFCD52854446900BF4B68 /* Build configuration list for PBXNativeTarget "Warli ARUITests" */ = {
			isa = XCConfigurationList;
			buildConfigurations = (
				31FAFCD62854446900BF4B68 /* Debug */,
				31FAFCD72854446900BF4B68 /* Release */,
			);
			defaultConfigurationIsVisible = 0;
			defaultConfigurationName = Release;
		};
/* End XCConfigurationList section */
	};
	rootObject = 31FAFC9E2854446600BF4B68 /* Project object */;
}
